Microsoft Visual Studio Solution File, Format Version 12.00
# Visual Studio Version 16
VisualStudioVersion = 16.0.30204.135
MinimumVisualStudioVersion = 10.0.40219.1
Project("{FAE04EC0-301F-11D3-BF4B-00C04F79EFBC}") = "Game", "Game\Game.csproj", "{C29BF0D6-5185-4587-817F-C1CBA73B828A}"
EndProject
Global
	GlobalSection(SolutionConfigurationPlatforms) = preSolution
		Debug|Any CPU = Debug|Any CPU
		Release|Any CPU = Release|Any CPU
	EndGlobalSection
	GlobalSection(ProjectConfigurationPlatforms) = postSolution
		{C29BF0D6-5185-4587-817F-C1CBA73B828A}.Debug|Any CPU.ActiveCfg = Debug|Any CPU
		{C29BF0D6-5185-4587-817F-C1CBA73B828A}.Debug|Any CPU.Build.0 = Debug|Any CPU
		{C29BF0D6-5185-4587-817F-C1CBA73B828A}.Release|Any CPU.ActiveCfg = Release|Any CPU
		{C29BF0D6-5185-4587-817F-C1CBA73B828A}.Release|Any CPU.Build.0 = Release|Any CPU
	EndGlobalSection
	GlobalSection(SolutionProperties) = preSolution
		HideSolutionNode = FALSE
	EndGlobalSection
	GlobalSection(ExtensibilityGlobals) = postSolution
		SolutionGuid = {70A43FF9-BFF1-47EC-8FBA-68F76E2D578D}
	EndGlobalSection
EndGlobal
